
Microsoft Visual Studio Solution File, Format Version 12.00
# Visual Studio 15
VisualStudioVersion = 15.0.27130.2027
MinimumVisualStudioVersion = 10.0.40219.1
Project("{FAE04EC0-301F-11D3-BF4B-00C04F79EFBC}") = "DSCMS", "DSCMS\DSCMS.csproj", "{A1203088-3311-4964-8D02-0DAF56471440}"
EndProject
Global
	GlobalSection(SolutionConfigurationPlatforms) = preSolution
		Debug|Any CPU = Debug|Any CPU
		Release|Any CPU = Release|Any CPU
	EndGlobalSection
	GlobalSection(ProjectConfigurationPlatforms) = postSolution
		{A1203088-3311-4964-8D02-0DAF56471440}.Debug|Any CPU.ActiveCfg = Debug|Any CPU
		{A1203088-3311-4964-8D02-0DAF56471440}.Debug|Any CPU.Build.0 = Debug|Any CPU
		{A1203088-3311-4964-8D02-0DAF56471440}.Release|Any CPU.ActiveCfg = Release|Any CPU
		{A1203088-3311-4964-8D02-0DAF56471440}.Release|Any CPU.Build.0 = Release|Any CPU
	EndGlobalSection
	GlobalSection(SolutionProperties) = preSolution
		HideSolutionNode = FALSE
	EndGlobalSection
	GlobalSection(ExtensibilityGlobals) = postSolution
		SolutionGuid = {58DA198C-2E8E-4E52-BDCE-5D80B632B9C9}
	EndGlobalSection
EndGlobal
